// !$*UTF8*$!
{
	archiveVersion = 1;
	classes = {
	};
	objectVersion = 50;
	objects = {

/* Begin PBXBuildFile section */
		3F18681722198BF2004F6E00 /* AppDelegate.swift in Sources */ = {isa = PBXBuildFile; fileRef = 3F18681622198BF2004F6E00 /* AppDelegate.swift */; };
		3F18681E22198BF8004F6E00 /* Assets.xcassets in Resources */ = {isa = PBXBuildFile; fileRef = 3F18681D22198BF8004F6E00 /* Assets.xcassets */; };
		3F18682E2219A0EA004F6E00 /* Tweet.swift in Sources */ = {isa = PBXBuildFile; fileRef = 3F18682D2219A0EA004F6E00 /* Tweet.swift */; };
		3F186832221A4A24004F6E00 /* MainControllerExtension.swift in Sources */ = {isa = PBXBuildFile; fileRef = 3F186831221A4A24004F6E00 /* MainControllerExtension.swift */; };
		3F186836221A5F21004F6E00 /* NSMutableArray+test.m in Sources */ = {isa = PBXBuildFile; fileRef = 3F186835221A5F21004F6E00 /* NSMutableArray+test.m */; };
		3F8EE6C9221CBCC4007523D0 /* TweetListWireframe.swift in Sources */ = {isa = PBXBuildFile; fileRef = 3F8EE6C8221CBCC4007523D0 /* TweetListWireframe.swift */; };
		3F8EE6CC221CBF3D007523D0 /* TweetListProtocols.swift in Sources */ = {isa = PBXBuildFile; fileRef = 3F8EE6CB221CBF3D007523D0 /* TweetListProtocols.swift */; };
		3FD9E176221BECE1001FAC67 /* RootContract.swift in Sources */ = {isa = PBXBuildFile; fileRef = 3FD9E175221BECE1001FAC67 /* RootContract.swift */; };
		3FD9E178221BECFA001FAC67 /* RootRouter.swift in Sources */ = {isa = PBXBuildFile; fileRef = 3FD9E177221BECFA001FAC67 /* RootRouter.swift */; };
		3FD9E180221BEE89001FAC67 /* TweetsContract.swift in Sources */ = {isa = PBXBuildFile; fileRef = 3FD9E17F221BEE89001FAC67 /* TweetsContract.swift */; };
		3FD9E182221BF0DC001FAC67 /* TweetsInteractor.swift in Sources */ = {isa = PBXBuildFile; fileRef = 3FD9E181221BF0DC001FAC67 /* TweetsInteractor.swift */; };
		3FD9E185221BF20C001FAC67 /* TweetAPIService.swift in Sources */ = {isa = PBXBuildFile; fileRef = 3FD9E184221BF20C001FAC67 /* TweetAPIService.swift */; };
		3FD9E187221BF8D5001FAC67 /* TweetTableViewCell.swift in Sources */ = {isa = PBXBuildFile; fileRef = 3FD9E186221BF8D5001FAC67 /* TweetTableViewCell.swift */; };
		3FD9E189221BFAB0001FAC67 /* TweetListView.swift in Sources */ = {isa = PBXBuildFile; fileRef = 3FD9E188221BFAB0001FAC67 /* TweetListView.swift */; };
		3FD9E18B221BFCE1001FAC67 /* TweetsRouter.swift in Sources */ = {isa = PBXBuildFile; fileRef = 3FD9E18A221BFCE1001FAC67 /* TweetsRouter.swift */; };
		3FD9E18D221BFE5B001FAC67 /* TweetsPresenter.swift in Sources */ = {isa = PBXBuildFile; fileRef = 3FD9E18C221BFE5B001FAC67 /* TweetsPresenter.swift */; };
		3FD9E190221BFF8B001FAC67 /* ViewProtocols.swift in Sources */ = {isa = PBXBuildFile; fileRef = 3FD9E18F221BFF8B001FAC67 /* ViewProtocols.swift */; };
		3FD9E192221BFFDF001FAC67 /* IndicatableViewExtension.swift in Sources */ = {isa = PBXBuildFile; fileRef = 3FD9E191221BFFDF001FAC67 /* IndicatableViewExtension.swift */; };
		3FD9E194221C01FB001FAC67 /* NibLoadableViewExtension.swift in Sources */ = {isa = PBXBuildFile; fileRef = 3FD9E193221C01FB001FAC67 /* NibLoadableViewExtension.swift */; };
		61B52C4DEC1E43BDE8337EAF /* libPods-twitterclient.a in Frameworks */ = {isa = PBXBuildFile; fileRef = 1BDB30EDD144A41AA1EFDC8D /* libPods-twitterclient.a */; };
/* End PBXBuildFile section */

/* Begin PBXFileReference section */
		1BDB30EDD144A41AA1EFDC8D /* libPods-twitterclient.a */ = {isa = PBXFileReference; explicitFileType = archive.ar; includeInIndex = 0; path = "libPods-twitterclient.a"; sourceTree = BUILT_PRODUCTS_DIR; };
		3F18681322198BF2004F6E00 /* twitterclient.app */ = {isa = PBXFileReference; explicitFileType = wrapper.application; includeInIndex = 0; path = twitterclient.app; sourceTree = BUILT_PRODUCTS_DIR; };
		3F18681622198BF2004F6E00 /* AppDelegate.swift */ = {isa = PBXFileReference; lastKnownFileType = sourcecode.swift; path = AppDelegate.swift; sourceTree = "<group>"; };
		3F18681D22198BF8004F6E00 /* Assets.xcassets */ = {isa = PBXFileReference; lastKnownFileType = folder.assetcatalog; path = Assets.xcassets; sourceTree = "<group>"; };
		3F18682222198BF8004F6E00 /* Info.plist */ = {isa = PBXFileReference; lastKnownFileType = text.plist.xml; path = Info.plist; sourceTree = "<group>"; };
		3F18682D2219A0EA004F6E00 /* Tweet.swift */ = {isa = PBXFileReference; lastKnownFileType = sourcecode.swift; path = Tweet.swift; sourceTree = "<group>"; };
		3F186831221A4A24004F6E00 /* MainControllerExtension.swift */ = {isa = PBXFileReference; lastKnownFileType = sourcecode.swift; path = MainControllerExtension.swift; sourceTree = "<group>"; };
		3F186833221A5F1F004F6E00 /* twitterclient-Bridging-Header.h */ = {isa = PBXFileReference; lastKnownFileType = sourcecode.c.h; path = "twitterclient-Bridging-Header.h"; sourceTree = "<group>"; };
		3F186834221A5F21004F6E00 /* NSMutableArray+test.h */ = {isa = PBXFileReference; lastKnownFileType = sourcecode.c.h; path = "NSMutableArray+test.h"; sourceTree = "<group>"; };
		3F186835221A5F21004F6E00 /* NSMutableArray+test.m */ = {isa = PBXFileReference; lastKnownFileType = sourcecode.c.objc; path = "NSMutableArray+test.m"; sourceTree = "<group>"; };
		3F8EE6C8221CBCC4007523D0 /* TweetListWireframe.swift */ = {isa = PBXFileReference; lastKnownFileType = sourcecode.swift; path = TweetListWireframe.swift; sourceTree = "<group>"; };
		3F8EE6CB221CBF3D007523D0 /* TweetListProtocols.swift */ = {isa = PBXFileReference; lastKnownFileType = sourcecode.swift; path = TweetListProtocols.swift; sourceTree = "<group>"; };
		3FD9E175221BECE1001FAC67 /* RootContract.swift */ = {isa = PBXFileReference; lastKnownFileType = sourcecode.swift; path = RootContract.swift; sourceTree = "<group>"; };
		3FD9E177221BECFA001FAC67 /* RootRouter.swift */ = {isa = PBXFileReference; lastKnownFileType = sourcecode.swift; path = RootRouter.swift; sourceTree = "<group>"; };
		3FD9E17F221BEE89001FAC67 /* TweetsContract.swift */ = {isa = PBXFileReference; lastKnownFileType = sourcecode.swift; path = TweetsContract.swift; sourceTree = "<group>"; };
		3FD9E181221BF0DC001FAC67 /* TweetsInteractor.swift */ = {isa = PBXFileReference; lastKnownFileType = sourcecode.swift; path = TweetsInteractor.swift; sourceTree = "<group>"; };
		3FD9E184221BF20C001FAC67 /* TweetAPIService.swift */ = {isa = PBXFileReference; lastKnownFileType = sourcecode.swift; path = TweetAPIService.swift; sourceTree = "<group>"; };
		3FD9E186221BF8D5001FAC67 /* TweetTableViewCell.swift */ = {isa = PBXFileReference; lastKnownFileType = sourcecode.swift; path = TweetTableViewCell.swift; sourceTree = "<group>"; };
		3FD9E188221BFAB0001FAC67 /* TweetListView.swift */ = {isa = PBXFileReference; lastKnownFileType = sourcecode.swift; path = TweetListView.swift; sourceTree = "<group>"; };
		3FD9E18A221BFCE1001FAC67 /* TweetsRouter.swift */ = {isa = PBXFileReference; lastKnownFileType = sourcecode.swift; path = TweetsRouter.swift; sourceTree = "<group>"; };
		3FD9E18C221BFE5B001FAC67 /* TweetsPresenter.swift */ = {isa = PBXFileReference; lastKnownFileType = sourcecode.swift; path = TweetsPresenter.swift; sourceTree = "<group>"; };
		3FD9E18F221BFF8B001FAC67 /* ViewProtocols.swift */ = {isa = PBXFileReference; lastKnownFileType = sourcecode.swift; path = ViewProtocols.swift; sourceTree = "<group>"; };
		3FD9E191221BFFDF001FAC67 /* IndicatableViewExtension.swift */ = {isa = PBXFileReference; lastKnownFileType = sourcecode.swift; path = IndicatableViewExtension.swift; sourceTree = "<group>"; };
		3FD9E193221C01FB001FAC67 /* NibLoadableViewExtension.swift */ = {isa = PBXFileReference; lastKnownFileType = sourcecode.swift; path = NibLoadableViewExtension.swift; sourceTree = "<group>"; };
		784215C1F8399BC7404BC3F3 /* Pods-twitterclient.debug.xcconfig */ = {isa = PBXFileReference; includeInIndex = 1; lastKnownFileType = text.xcconfig; name = "Pods-twitterclient.debug.xcconfig"; path = "Target Support Files/Pods-twitterclient/Pods-twitterclient.debug.xcconfig"; sourceTree = "<group>"; };
		E4747F89D4D3BE5471944383 /* Pods-twitterclient.release.xcconfig */ = {isa = PBXFileReference; includeInIndex = 1; lastKnownFileType = text.xcconfig; name = "Pods-twitterclient.release.xcconfig"; path = "Target Support Files/Pods-twitterclient/Pods-twitterclient.release.xcconfig"; sourceTree = "<group>"; };
/* End PBXFileReference section */

/* Begin PBXFrameworksBuildPhase section */
		3F18681022198BF1004F6E00 /* Frameworks */ = {
			isa = PBXFrameworksBuildPhase;
			buildActionMask = 2147483647;
			files = (
				61B52C4DEC1E43BDE8337EAF /* libPods-twitterclient.a in Frameworks */,
			);
			runOnlyForDeploymentPostprocessing = 0;
		};
/* End PBXFrameworksBuildPhase section */

/* Begin PBXGroup section */
		3F18680A22198BF1004F6E00 = {
			isa = PBXGroup;
			children = (
				3F18681522198BF2004F6E00 /* twitterclient */,
				3F18681422198BF2004F6E00 /* Products */,
				75BB1C243E0CB313407180A4 /* Pods */,
				82FC2AE586F5D45017986260 /* Frameworks */,
			);
			sourceTree = "<group>";
		};
		3F18681422198BF2004F6E00 /* Products */ = {
			isa = PBXGroup;
			children = (
				3F18681322198BF2004F6E00 /* twitterclient.app */,
			);
			name = Products;
			sourceTree = "<group>";
		};
		3F18681522198BF2004F6E00 /* twitterclient */ = {
			isa = PBXGroup;
			children = (
				3FD9E18E221BFF73001FAC67 /* Protocols */,
				3FD9E183221BF1EB001FAC67 /* Services */,
				3FD9E173221BECA1001FAC67 /* Modules */,
				3F186830221A483D004F6E00 /* Extensions */,
				3F18682C22199FBD004F6E00 /* Models */,
				3F18681622198BF2004F6E00 /* AppDelegate.swift */,
				3F18681D22198BF8004F6E00 /* Assets.xcassets */,
				3F18682222198BF8004F6E00 /* Info.plist */,
				3F186834221A5F21004F6E00 /* NSMutableArray+test.h */,
				3F186835221A5F21004F6E00 /* NSMutableArray+test.m */,
				3F186833221A5F1F004F6E00 /* twitterclient-Bridging-Header.h */,
			);
			path = twitterclient;
			sourceTree = "<group>";
		};
		3F18682C22199FBD004F6E00 /* Models */ = {
			isa = PBXGroup;
			children = (
				3F18682D2219A0EA004F6E00 /* Tweet.swift */,
			);
			path = Models;
			sourceTree = "<group>";
		};
		3F186830221A483D004F6E00 /* Extensions */ = {
			isa = PBXGroup;
			children = (
				3F186831221A4A24004F6E00 /* MainControllerExtension.swift */,
				3FD9E191221BFFDF001FAC67 /* IndicatableViewExtension.swift */,
				3FD9E193221C01FB001FAC67 /* NibLoadableViewExtension.swift */,
			);
			path = Extensions;
			sourceTree = "<group>";
		};
		3F8EE6C7221CBCA3007523D0 /* WireFrame */ = {
			isa = PBXGroup;
			children = (
				3F8EE6C8221CBCC4007523D0 /* TweetListWireframe.swift */,
			);
			path = WireFrame;
			sourceTree = "<group>";
		};
		3F8EE6CA221CBF0C007523D0 /* Protocols */ = {
			isa = PBXGroup;
			children = (
				3F8EE6CB221CBF3D007523D0 /* TweetListProtocols.swift */,
			);
			path = Protocols;
			sourceTree = "<group>";
		};
		3FD9E173221BECA1001FAC67 /* Modules */ = {
			isa = PBXGroup;
			children = (
				3FD9E179221BEE21001FAC67 /* Tweets */,
				3FD9E174221BECB8001FAC67 /* Root */,
			);
			path = Modules;
			sourceTree = "<group>";
		};
		3FD9E174221BECB8001FAC67 /* Root */ = {
			isa = PBXGroup;
			children = (
				3FD9E175221BECE1001FAC67 /* RootContract.swift */,
				3FD9E177221BECFA001FAC67 /* RootRouter.swift */,
			);
			path = Root;
			sourceTree = "<group>";
		};
		3FD9E179221BEE21001FAC67 /* Tweets */ = {
			isa = PBXGroup;
			children = (
				3F8EE6CA221CBF0C007523D0 /* Protocols */,
				3F8EE6C7221CBCA3007523D0 /* WireFrame */,
				3FD9E17E221BEE66001FAC67 /* View */,
				3FD9E17D221BEE58001FAC67 /* Router */,
				3FD9E17C221BEE4C001FAC67 /* Presenter */,
				3FD9E17B221BEE3D001FAC67 /* Interactor */,
				3FD9E17A221BEE2F001FAC67 /* Contract */,
			);
			path = Tweets;
			sourceTree = "<group>";
		};
		3FD9E17A221BEE2F001FAC67 /* Contract */ = {
			isa = PBXGroup;
			children = (
				3FD9E17F221BEE89001FAC67 /* TweetsContract.swift */,
			);
			path = Contract;
			sourceTree = "<group>";
		};
		3FD9E17B221BEE3D001FAC67 /* Interactor */ = {
			isa = PBXGroup;
			children = (
				3FD9E181221BF0DC001FAC67 /* TweetsInteractor.swift */,
			);
			path = Interactor;
			sourceTree = "<group>";
		};
		3FD9E17C221BEE4C001FAC67 /* Presenter */ = {
			isa = PBXGroup;
			children = (
				3FD9E18C221BFE5B001FAC67 /* TweetsPresenter.swift */,
			);
			path = Presenter;
			sourceTree = "<group>";
		};
		3FD9E17D221BEE58001FAC67 /* Router */ = {
			isa = PBXGroup;
			children = (
				3FD9E18A221BFCE1001FAC67 /* TweetsRouter.swift */,
			);
			path = Router;
			sourceTree = "<group>";
		};
		3FD9E17E221BEE66001FAC67 /* View */ = {
			isa = PBXGroup;
			children = (
				3FD9E186221BF8D5001FAC67 /* TweetTableViewCell.swift */,
				3FD9E188221BFAB0001FAC67 /* TweetListView.swift */,
			);
			path = View;
			sourceTree = "<group>";
		};
		3FD9E183221BF1EB001FAC67 /* Services */ = {
			isa = PBXGroup;
			children = (
				3FD9E184221BF20C001FAC67 /* TweetAPIService.swift */,
			);
			path = Services;
			sourceTree = "<group>";
		};
		3FD9E18E221BFF73001FAC67 /* Protocols */ = {
			isa = PBXGroup;
			children = (
				3FD9E18F221BFF8B001FAC67 /* ViewProtocols.swift */,
			);
			path = Protocols;
			sourceTree = "<group>";
		};
		75BB1C243E0CB313407180A4 /* Pods */ = {
			isa = PBXGroup;
			children = (
				784215C1F8399BC7404BC3F3 /* Pods-twitterclient.debug.xcconfig */,
				E4747F89D4D3BE5471944383 /* Pods-twitterclient.release.xcconfig */,
			);
			path = Pods;
			sourceTree = "<group>";
		};
		82FC2AE586F5D45017986260 /* Frameworks */ = {
			isa = PBXGroup;
			children = (
				1BDB30EDD144A41AA1EFDC8D /* libPods-twitterclient.a */,
			);
			name = Frameworks;
			sourceTree = "<group>";
		};
/* End PBXGroup section */

/* Begin PBXNativeTarget section */
		3F18681222198BF1004F6E00 /* twitterclient */ = {
			isa = PBXNativeTarget;
			buildConfigurationList = 3F18682522198BF8004F6E00 /* Build configuration list for PBXNativeTarget "twitterclient" */;
			buildPhases = (
				F757F73AC33025FDBC1E2F43 /* [CP] Check Pods Manifest.lock */,
				3F18680F22198BF1004F6E00 /* Sources */,
				3F18681022198BF1004F6E00 /* Frameworks */,
				3F18681122198BF1004F6E00 /* Resources */,
			);
			buildRules = (
			);
			dependencies = (
			);
			name = twitterclient;
			productName = twitterclient;
			productReference = 3F18681322198BF2004F6E00 /* twitterclient.app */;
			productType = "com.apple.product-type.application";
		};
/* End PBXNativeTarget section */

/* Begin PBXProject section */
		3F18680B22198BF1004F6E00 /* Project object */ = {
			isa = PBXProject;
			attributes = {
				LastSwiftUpdateCheck = 1010;
				LastUpgradeCheck = 1010;
				ORGANIZATIONNAME = personal;
				TargetAttributes = {
					3F18681222198BF1004F6E00 = {
						CreatedOnToolsVersion = 10.1;
						LastSwiftMigration = 1010;
					};
				};
			};
			buildConfigurationList = 3F18680E22198BF1004F6E00 /* Build configuration list for PBXProject "twitterclient" */;
			compatibilityVersion = "Xcode 9.3";
			developmentRegion = en;
			hasScannedForEncodings = 0;
			knownRegions = (
				en,
				Base,
			);
			mainGroup = 3F18680A22198BF1004F6E00;
			productRefGroup = 3F18681422198BF2004F6E00 /* Products */;
			projectDirPath = "";
			projectRoot = "";
			targets = (
				3F18681222198BF1004F6E00 /* twitterclient */,
			);
		};
/* End PBXProject section */

/* Begin PBXResourcesBuildPhase section */
		3F18681122198BF1004F6E00 /* Resources */ = {
			isa = PBXResourcesBuildPhase;
			buildActionMask = 2147483647;
			files = (
				3F18681E22198BF8004F6E00 /* Assets.xcassets in Resources */,
			);
			runOnlyForDeploymentPostprocessing = 0;
		};
/* End PBXResourcesBuildPhase section */

/* Begin PBXShellScriptBuildPhase section */
		F757F73AC33025FDBC1E2F43 /* [CP] Check Pods Manifest.lock */ = {
			isa = PBXShellScriptBuildPhase;
			buildActionMask = 2147483647;
			files = (
			);
			inputFileListPaths = (
			);
			inputPaths = (
				"${PODS_PODFILE_DIR_PATH}/Podfile.lock",
				"${PODS_ROOT}/Manifest.lock",
			);
			name = "[CP] Check Pods Manifest.lock";
			outputFileListPaths = (
			);
			outputPaths = (
				"$(DERIVED_FILE_DIR)/Pods-twitterclient-checkManifestLockResult.txt",
			);
			runOnlyForDeploymentPostprocessing = 0;
			shellPath = /bin/sh;
			shellScript = "diff \"${PODS_PODFILE_DIR_PATH}/Podfile.lock\" \"${PODS_ROOT}/Manifest.lock\" > /dev/null\nif [ $? != 0 ] ; then\n    # print error to STDERR\n    echo \"error: The sandbox is not in sync with the Podfile.lock. Run 'pod install' or update your CocoaPods installation.\" >&2\n    exit 1\nfi\n# This output is used by Xcode 'outputs' to avoid re-running this script phase.\necho \"SUCCESS\" > \"${SCRIPT_OUTPUT_FILE_0}\"\n";
			showEnvVarsInLog = 0;
		};
/* End PBXShellScriptBuildPhase section */

/* Begin PBXSourcesBuildPhase section */
		3F18680F22198BF1004F6E00 /* Sources */ = {
			isa = PBXSourcesBuildPhase;
			buildActionMask = 2147483647;
			files = (
				3FD9E182221BF0DC001FAC67 /* TweetsInteractor.swift in Sources */,
				3FD9E192221BFFDF001FAC67 /* IndicatableViewExtension.swift in Sources */,
				3F18682E2219A0EA004F6E00 /* Tweet.swift in Sources */,
				3FD9E180221BEE89001FAC67 /* TweetsContract.swift in Sources */,
				3FD9E18B221BFCE1001FAC67 /* TweetsRouter.swift in Sources */,
				3FD9E18D221BFE5B001FAC67 /* TweetsPresenter.swift in Sources */,
				3FD9E176221BECE1001FAC67 /* RootContract.swift in Sources */,
				3FD9E185221BF20C001FAC67 /* TweetAPIService.swift in Sources */,
				3FD9E190221BFF8B001FAC67 /* ViewProtocols.swift in Sources */,
				3F8EE6CC221CBF3D007523D0 /* TweetListProtocols.swift in Sources */,
				3F186836221A5F21004F6E00 /* NSMutableArray+test.m in Sources */,
				3F8EE6C9221CBCC4007523D0 /* TweetListWireframe.swift in Sources */,
				3FD9E194221C01FB001FAC67 /* NibLoadableViewExtension.swift in Sources */,
				3FD9E187221BF8D5001FAC67 /* TweetTableViewCell.swift in Sources */,
				3F18681722198BF2004F6E00 /* AppDelegate.swift in Sources */,
				3FD9E189221BFAB0001FAC67 /* TweetListView.swift in Sources */,
				3FD9E178221BECFA001FAC67 /* RootRouter.swift in Sources */,
				3F186832221A4A24004F6E00 /* MainControllerExtension.swift in Sources */,
			);
			runOnlyForDeploymentPostprocessing = 0;
		};
/* End PBXSourcesBuildPhase section */

/* Begin XCBuildConfiguration section */
		3F18682322198BF8004F6E00 /* Debug */ = {
			isa = XCBuildConfiguration;
			buildSettings = {
				ALWAYS_SEARCH_USER_PATHS = NO;
				CLANG_ANALYZER_NONNULL = YES;
				CLANG_ANALYZER_NUMBER_OBJECT_CONVERSION = YES_AGGRESSIVE;
				CLANG_CXX_LANGUAGE_STANDARD = "gnu++14";
				CLANG_CXX_LIBRARY = "libc++";
				CLANG_ENABLE_MODULES = YES;
				CLANG_ENABLE_OBJC_ARC = YES;
				CLANG_ENABLE_OBJC_WEAK = YES;
				CLANG_WARN_BLOCK_CAPTURE_AUTORELEASING = YES;
				CLANG_WARN_BOOL_CONVERSION = YES;
				CLANG_WARN_COMMA = YES;
				CLANG_WARN_CONSTANT_CONVERSION = YES;
				CLANG_WARN_DEPRECATED_OBJC_IMPLEMENTATIONS = YES;
				CLANG_WARN_DIRECT_OBJC_ISA_USAGE = YES_ERROR;
				CLANG_WARN_DOCUMENTATION_COMMENTS = YES;
				CLANG_WARN_EMPTY_BODY = YES;
				CLANG_WARN_ENUM_CONVERSION = YES;
				CLANG_WARN_INFINITE_RECURSION = YES;
				CLANG_WARN_INT_CONVERSION = YES;
				CLANG_WARN_NON_LITERAL_NULL_CONVERSION = YES;
				CLANG_WARN_OBJC_IMPLICIT_RETAIN_SELF = YES;
				CLANG_WARN_OBJC_LITERAL_CONVERSION = YES;
				CLANG_WARN_OBJC_ROOT_CLASS = YES_ERROR;
				CLANG_WARN_RANGE_LOOP_ANALYSIS = YES;
				CLANG_WARN_STRICT_PROTOTYPES = YES;
				CLANG_WARN_SUSPICIOUS_MOVE = YES;
				CLANG_WARN_UNGUARDED_AVAILABILITY = YES_AGGRESSIVE;
				CLANG_WARN_UNREACHABLE_CODE = YES;
				CLANG_WARN__DUPLICATE_METHOD_MATCH = YES;
				CODE_SIGN_IDENTITY = "iPhone Developer";
				COPY_PHASE_STRIP = NO;
				DEBUG_INFORMATION_FORMAT = dwarf;
				ENABLE_STRICT_OBJC_MSGSEND = YES;
				ENABLE_TESTABILITY = YES;
				GCC_C_LANGUAGE_STANDARD = gnu11;
				GCC_DYNAMIC_NO_PIC = NO;
				GCC_NO_COMMON_BLOCKS = YES;
				GCC_OPTIMIZATION_LEVEL = 0;
				GCC_PREPROCESSOR_DEFINITIONS = (
					"DEBUG=1",
					"$(inherited)",
				);
				GCC_WARN_64_TO_32_BIT_CONVERSION = YES;
				GCC_WARN_ABOUT_RETURN_TYPE = YES_ERROR;
				GCC_WARN_UNDECLARED_SELECTOR = YES;
				GCC_WARN_UNINITIALIZED_AUTOS = YES_AGGRESSIVE;
				GCC_WARN_UNUSED_FUNCTION = YES;
				GCC_WARN_UNUSED_VARIABLE = YES;
				IPHONEOS_DEPLOYMENT_TARGET = 12.1;
				MTL_ENABLE_DEBUG_INFO = INCLUDE_SOURCE;
				MTL_FAST_MATH = YES;
				ONLY_ACTIVE_ARCH = YES;
				SDKROOT = iphoneos;
				SWIFT_ACTIVE_COMPILATION_CONDITIONS = DEBUG;
				SWIFT_OPTIMIZATION_LEVEL = "-Onone";
			};
			name = Debug;
		};
		3F18682422198BF8004F6E00 /* Release */ = {
			isa = XCBuildConfiguration;
			buildSettings = {
				ALWAYS_SEARCH_USER_PATHS = NO;
				CLANG_ANALYZER_NONNULL = YES;
				CLANG_ANALYZER_NUMBER_OBJECT_CONVERSION = YES_AGGRESSIVE;
				CLANG_CXX_LANGUAGE_STANDARD = "gnu++14";
				CLANG_CXX_LIBRARY = "libc++";
				CLANG_ENABLE_MODULES = YES;
				CLANG_ENABLE_OBJC_ARC = YES;
				CLANG_ENABLE_OBJC_WEAK = YES;
				CLANG_WARN_BLOCK_CAPTURE_AUTORELEASING = YES;
				CLANG_WARN_BOOL_CONVERSION = YES;
				CLANG_WARN_COMMA = YES;
				CLANG_WARN_CONSTANT_CONVERSION = YES;
				CLANG_WARN_DEPRECATED_OBJC_IMPLEMENTATIONS = YES;
				CLANG_WARN_DIRECT_OBJC_ISA_USAGE = YES_ERROR;
				CLANG_WARN_DOCUMENTATION_COMMENTS = YES;
				CLANG_WARN_EMPTY_BODY = YES;
				CLANG_WARN_ENUM_CONVERSION = YES;
				CLANG_WARN_INFINITE_RECURSION = YES;
				CLANG_WARN_INT_CONVERSION = YES;
				CLANG_WARN_NON_LITERAL_NULL_CONVERSION = YES;
				CLANG_WARN_OBJC_IMPLICIT_RETAIN_SELF = YES;
				CLANG_WARN_OBJC_LITERAL_CONVERSION = YES;
				CLANG_WARN_OBJC_ROOT_CLASS = YES_ERROR;
				CLANG_WARN_RANGE_LOOP_ANALYSIS = YES;
				CLANG_WARN_STRICT_PROTOTYPES = YES;
				CLANG_WARN_SUSPICIOUS_MOVE = YES;
				CLANG_WARN_UNGUARDED_AVAILABILITY = YES_AGGRESSIVE;
				CLANG_WARN_UNREACHABLE_CODE = YES;
				CLANG_WARN__DUPLICATE_METHOD_MATCH = YES;
				CODE_SIGN_IDENTITY = "iPhone Developer";
				COPY_PHASE_STRIP = NO;
				DEBUG_INFORMATION_FORMAT = "dwarf-with-dsym";
				ENABLE_NS_ASSERTIONS = NO;
				ENABLE_STRICT_OBJC_MSGSEND = YES;
				GCC_C_LANGUAGE_STANDARD = gnu11;
				GCC_NO_COMMON_BLOCKS = YES;
				GCC_WARN_64_TO_32_BIT_CONVERSION = YES;
				GCC_WARN_ABOUT_RETURN_TYPE = YES_ERROR;
				GCC_WARN_UNDECLARED_SELECTOR = YES;
				GCC_WARN_UNINITIALIZED_AUTOS = YES_AGGRESSIVE;
				GCC_WARN_UNUSED_FUNCTION = YES;
				GCC_WARN_UNUSED_VARIABLE = YES;
				IPHONEOS_DEPLOYMENT_TARGET = 12.1;
				MTL_ENABLE_DEBUG_INFO = NO;
				MTL_FAST_MATH = YES;
				SDKROOT = iphoneos;
				SWIFT_COMPILATION_MODE = wholemodule;
				SWIFT_OPTIMIZATION_LEVEL = "-O";
				VALIDATE_PRODUCT = YES;
			};
			name = Release;
		};
		3F18682622198BF8004F6E00 /* Debug */ = {
			isa = XCBuildConfiguration;
			baseConfigurationReference = 784215C1F8399BC7404BC3F3 /* Pods-twitterclient.debug.xcconfig */;
			buildSettings = {
				ASSETCATALOG_COMPILER_APPICON_NAME = AppIcon;
				CLANG_ENABLE_MODULES = YES;
				CODE_SIGN_STYLE = Automatic;
				DEVELOPMENT_TEAM = KXTKRFNBWG;
				INFOPLIST_FILE = twitterclient/Info.plist;
				LD_RUNPATH_SEARCH_PATHS = (
					"$(inherited)",
					"@executable_path/Frameworks",
				);
				PRODUCT_BUNDLE_IDENTIFIER = jcvilla.twitterclient;
				PRODUCT_NAME = "$(TARGET_NAME)";
				SWIFT_OBJC_BRIDGING_HEADER = "twitterclient/twitterclient-Bridging-Header.h";
				SWIFT_OPTIMIZATION_LEVEL = "-Onone";
				SWIFT_VERSION = 4.2;
				TARGETED_DEVICE_FAMILY = "1,2";
			};
			name = Debug;
		};
		3F18682722198BF8004F6E00 /* Release */ = {
			isa = XCBuildConfiguration;
			baseConfigurationReference = E4747F89D4D3BE5471944383 /* Pods-twitterclient.release.xcconfig */;
			buildSettings = {
				ASSETCATALOG_COMPILER_APPICON_NAME = AppIcon;
				CLANG_ENABLE_MODULES = YES;
				CODE_SIGN_STYLE = Automatic;
				DEVELOPMENT_TEAM = KXTKRFNBWG;
				INFOPLIST_FILE = twitterclient/Info.plist;
				LD_RUNPATH_SEARCH_PATHS = (
					"$(inherited)",
					"@executable_path/Frameworks",
				);
				PRODUCT_BUNDLE_IDENTIFIER = jcvilla.twitterclient;
				PRODUCT_NAME = "$(TARGET_NAME)";
				SWIFT_OBJC_BRIDGING_HEADER = "twitterclient/twitterclient-Bridging-Header.h";
				SWIFT_VERSION = 4.2;
				TARGETED_DEVICE_FAMILY = "1,2";
			};
			name = Release;
		};
/* End XCBuildConfiguration section */

/* Begin XCConfigurationList section */
		3F18680E22198BF1004F6E00 /* Build configuration list for PBXProject "twitterclient" */ = {
			isa = XCConfigurationList;
			buildConfigurations = (
				3F18682322198BF8004F6E00 /* Debug */,
				3F18682422198BF8004F6E00 /* Release */,
			);
			defaultConfigurationIsVisible = 0;
			defaultConfigurationName = Release;
		};
		3F18682522198BF8004F6E00 /* Build configuration list for PBXNativeTarget "twitterclient" */ = {
			isa = XCConfigurationList;
			buildConfigurations = (
				3F18682622198BF8004F6E00 /* Debug */,
				3F18682722198BF8004F6E00 /* Release */,
			);
			defaultConfigurationIsVisible = 0;
			defaultConfigurationName = Release;
		};
/* End XCConfigurationList section */
	};
	rootObject = 3F18680B22198BF1004F6E00 /* Project object */;
}
